
Microsoft Visual Studio Solution File, Format Version 12.00
# Visual Studio 15
VisualStudioVersion = 15.0.26730.15
MinimumVisualStudioVersion = 10.0.40219.1
Project("{FAE04EC0-301F-11D3-BF4B-00C04F79EFBC}") = "s7ead1", "s7ead1\s7ead1.csproj", "{4C2894E4-8614-4645-805B-365FC270A141}"
EndProject
Global
	GlobalSection(SolutionConfigurationPlatforms) = preSolution
		Debug|Any CPU = Debug|Any CPU
		Release|Any CPU = Release|Any CPU
	EndGlobalSection
	GlobalSection(ProjectConfigurationPlatforms) = postSolution
		{4C2894E4-8614-4645-805B-365FC270A141}.Debug|Any CPU.ActiveCfg = Debug|Any CPU
		{4C2894E4-8614-4645-805B-365FC270A141}.Debug|Any CPU.Build.0 = Debug|Any CPU
		{4C2894E4-8614-4645-805B-365FC270A141}.Release|Any CPU.ActiveCfg = Release|Any CPU
		{4C2894E4-8614-4645-805B-365FC270A141}.Release|Any CPU.Build.0 = Release|Any CPU
	EndGlobalSection
	GlobalSection(SolutionProperties) = preSolution
		HideSolutionNode = FALSE
	EndGlobalSection
	GlobalSection(ExtensibilityGlobals) = postSolution
		SolutionGuid = {910405B0-10B7-4261-A661-4D93BECB79E4}
	EndGlobalSection
EndGlobal
